
Microsoft Visual Studio Solution File, Format Version 12.00
# Visual Studio Version 17
VisualStudioVersion = 17.0.31903.59
MinimumVisualStudioVersion = 10.0.40219.1
Project("{FAE04EC0-301F-11D3-BF4B-00C04F79EFBC}") = "GT.AuthService.Api", "GT.AuthService.Api\GT.AuthService.Api.csproj", "{4BB823CA-127C-40DA-A55B-ACFBBB3BA334}"
EndProject
Project("{FAE04EC0-301F-11D3-BF4B-00C04F79EFBC}") = "GT.AuthService.Test", "GT.AuthService.Test\GT.AuthService.Test.csproj", "{A3D88196-BEB0-4DEB-AC4C-0821AABD3D83}"
EndProject
Project("{FAE04EC0-301F-11D3-BF4B-00C04F79EFBC}") = "GT.AuthService.Application", "GT.AuthService.Application\GT.AuthService.Application.csproj", "{1F2CA692-D338-4838-998B-9D3FC4C3CB14}"
EndProject
Project("{FAE04EC0-301F-11D3-BF4B-00C04F79EFBC}") = "GT.AuthService.Domain", "GT.AuthService.Domain\GT.AuthService.Domain.csproj", "{0A1D9319-A09E-4D95-A127-F4667F468B4D}"
EndProject
Project("{FAE04EC0-301F-11D3-BF4B-00C04F79EFBC}") = "GT.AuthService.Infrastructure", "GT.AuthService.Infrastructure\GT.AuthService.Infrastructure.csproj", "{53A7A8B3-FAF7-4C20-B731-178838F5326A}"
EndProject
Global
	GlobalSection(SolutionConfigurationPlatforms) = preSolution
		Debug|Any CPU = Debug|Any CPU
		Release|Any CPU = Release|Any CPU
	EndGlobalSection
	GlobalSection(SolutionProperties) = preSolution
		HideSolutionNode = FALSE
	EndGlobalSection
	GlobalSection(ProjectConfigurationPlatforms) = postSolution
		{4BB823CA-127C-40DA-A55B-ACFBBB3BA334}.Debug|Any CPU.ActiveCfg = Debug|Any CPU
		{4BB823CA-127C-40DA-A55B-ACFBBB3BA334}.Debug|Any CPU.Build.0 = Debug|Any CPU
		{4BB823CA-127C-40DA-A55B-ACFBBB3BA334}.Release|Any CPU.ActiveCfg = Release|Any CPU
		{4BB823CA-127C-40DA-A55B-ACFBBB3BA334}.Release|Any CPU.Build.0 = Release|Any CPU
		{A3D88196-BEB0-4DEB-AC4C-0821AABD3D83}.Debug|Any CPU.ActiveCfg = Debug|Any CPU
		{A3D88196-BEB0-4DEB-AC4C-0821AABD3D83}.Debug|Any CPU.Build.0 = Debug|Any CPU
		{A3D88196-BEB0-4DEB-AC4C-0821AABD3D83}.Release|Any CPU.ActiveCfg = Release|Any CPU
		{A3D88196-BEB0-4DEB-AC4C-0821AABD3D83}.Release|Any CPU.Build.0 = Release|Any CPU
		{1F2CA692-D338-4838-998B-9D3FC4C3CB14}.Debug|Any CPU.ActiveCfg = Debug|Any CPU
		{1F2CA692-D338-4838-998B-9D3FC4C3CB14}.Debug|Any CPU.Build.0 = Debug|Any CPU
		{1F2CA692-D338-4838-998B-9D3FC4C3CB14}.Release|Any CPU.ActiveCfg = Release|Any CPU
		{1F2CA692-D338-4838-998B-9D3FC4C3CB14}.Release|Any CPU.Build.0 = Release|Any CPU
		{0A1D9319-A09E-4D95-A127-F4667F468B4D}.Debug|Any CPU.ActiveCfg = Debug|Any CPU
		{0A1D9319-A09E-4D95-A127-F4667F468B4D}.Debug|Any CPU.Build.0 = Debug|Any CPU
		{0A1D9319-A09E-4D95-A127-F4667F468B4D}.Release|Any CPU.ActiveCfg = Release|Any CPU
		{0A1D9319-A09E-4D95-A127-F4667F468B4D}.Release|Any CPU.Build.0 = Release|Any CPU
		{53A7A8B3-FAF7-4C20-B731-178838F5326A}.Debug|Any CPU.ActiveCfg = Debug|Any CPU
		{53A7A8B3-FAF7-4C20-B731-178838F5326A}.Debug|Any CPU.Build.0 = Debug|Any CPU
		{53A7A8B3-FAF7-4C20-B731-178838F5326A}.Release|Any CPU.ActiveCfg = Release|Any CPU
		{53A7A8B3-FAF7-4C20-B731-178838F5326A}.Release|Any CPU.Build.0 = Release|Any CPU
	EndGlobalSection
EndGlobal
